
Microsoft Visual Studio Solution File, Format Version 12.00
# Visual Studio Version 17
VisualStudioVersion = 17.7.34024.191
MinimumVisualStudioVersion = 10.0.40219.1
Project("{9A19103F-16F7-4668-BE54-9A1E7A4F7556}") = "Web", "Web\Web.csproj", "{08EE2B69-3D8A-40B1-A964-A865A66D7C98}"
EndProject
Project("{FAE04EC0-301F-11D3-BF4B-00C04F79EFBC}") = "WebApi", "WebApi\WebApi.csproj", "{3B242707-42E4-4E6E-A3B5-6EB166D98DF5}"
EndProject
Global
	GlobalSection(SolutionConfigurationPlatforms) = preSolution
		Debug|Any CPU = Debug|Any CPU
		Release|Any CPU = Release|Any CPU
	EndGlobalSection
	GlobalSection(ProjectConfigurationPlatforms) = postSolution
		{08EE2B69-3D8A-40B1-A964-A865A66D7C98}.Debug|Any CPU.ActiveCfg = Debug|Any CPU
		{08EE2B69-3D8A-40B1-A964-A865A66D7C98}.Debug|Any CPU.Build.0 = Debug|Any CPU
		{08EE2B69-3D8A-40B1-A964-A865A66D7C98}.Release|Any CPU.ActiveCfg = Release|Any CPU
		{08EE2B69-3D8A-40B1-A964-A865A66D7C98}.Release|Any CPU.Build.0 = Release|Any CPU
		{3B242707-42E4-4E6E-A3B5-6EB166D98DF5}.Debug|Any CPU.ActiveCfg = Debug|Any CPU
		{3B242707-42E4-4E6E-A3B5-6EB166D98DF5}.Debug|Any CPU.Build.0 = Debug|Any CPU
		{3B242707-42E4-4E6E-A3B5-6EB166D98DF5}.Release|Any CPU.ActiveCfg = Release|Any CPU
		{3B242707-42E4-4E6E-A3B5-6EB166D98DF5}.Release|Any CPU.Build.0 = Release|Any CPU
	EndGlobalSection
	GlobalSection(SolutionProperties) = preSolution
		HideSolutionNode = FALSE
	EndGlobalSection
	GlobalSection(ExtensibilityGlobals) = postSolution
		SolutionGuid = {3D46D8D7-A0FC-45AD-B487-701787B039FD}
	EndGlobalSection
EndGlobal
